
Microsoft Visual Studio Solution File, Format Version 12.00
# Visual Studio Version 16
Project("{8BC9CEB8-8B4A-11D0-8D11-00A0C91BC942}") = "ALL_BUILD", "ALL_BUILD.vcxproj", "{F0FE3C9D-B23B-3D7E-B49E-CE11A9D274E7}"
	ProjectSection(ProjectDependencies) = postProject
		{E26B781D-B36E-3926-A57D-B12EA7AB34E0} = {E26B781D-B36E-3926-A57D-B12EA7AB34E0}
	EndProjectSection
EndProject
Project("{8BC9CEB8-8B4A-11D0-8D11-00A0C91BC942}") = "vector", "vector.vcxproj", "{E26B781D-B36E-3926-A57D-B12EA7AB34E0}"
	ProjectSection(ProjectDependencies) = postProject
	EndProjectSection
EndProject
Global
	GlobalSection(SolutionConfigurationPlatforms) = preSolution
		Debug|x64 = Debug|x64
		Release|x64 = Release|x64
		MinSizeRel|x64 = MinSizeRel|x64
		RelWithDebInfo|x64 = RelWithDebInfo|x64
	EndGlobalSection
	GlobalSection(ProjectConfigurationPlatforms) = postSolution
		{F0FE3C9D-B23B-3D7E-B49E-CE11A9D274E7}.Debug|x64.ActiveCfg = Debug|x64
		{F0FE3C9D-B23B-3D7E-B49E-CE11A9D274E7}.Release|x64.ActiveCfg = Release|x64
		{F0FE3C9D-B23B-3D7E-B49E-CE11A9D274E7}.MinSizeRel|x64.ActiveCfg = MinSizeRel|x64
		{F0FE3C9D-B23B-3D7E-B49E-CE11A9D274E7}.RelWithDebInfo|x64.ActiveCfg = RelWithDebInfo|x64
		{E26B781D-B36E-3926-A57D-B12EA7AB34E0}.Debug|x64.ActiveCfg = Debug|x64
		{E26B781D-B36E-3926-A57D-B12EA7AB34E0}.Debug|x64.Build.0 = Debug|x64
		{E26B781D-B36E-3926-A57D-B12EA7AB34E0}.Release|x64.ActiveCfg = Release|x64
		{E26B781D-B36E-3926-A57D-B12EA7AB34E0}.Release|x64.Build.0 = Release|x64
		{E26B781D-B36E-3926-A57D-B12EA7AB34E0}.MinSizeRel|x64.ActiveCfg = MinSizeRel|x64
		{E26B781D-B36E-3926-A57D-B12EA7AB34E0}.MinSizeRel|x64.Build.0 = MinSizeRel|x64
		{E26B781D-B36E-3926-A57D-B12EA7AB34E0}.RelWithDebInfo|x64.ActiveCfg = RelWithDebInfo|x64
		{E26B781D-B36E-3926-A57D-B12EA7AB34E0}.RelWithDebInfo|x64.Build.0 = RelWithDebInfo|x64
	EndGlobalSection
	GlobalSection(ExtensibilityGlobals) = postSolution
		SolutionGuid = {560DD081-7149-3A2F-A1AF-4BCE614B1FC5}
	EndGlobalSection
	GlobalSection(ExtensibilityAddIns) = postSolution
	EndGlobalSection
EndGlobal
