<?xml version="1.0" encoding="utf-8"?>
<Project ToolsVersion="16.0" xmlns="http://schemas.microsoft.com/developer/msbuild/2003">
  <ItemGroup>
    <Filter Include="CMake Rules">
      <UniqueIdentifier>{39314528-4F00-31CD-8064-8EA1EB0283AB}</UniqueIdentifier>
    </Filter>
  </ItemGroup>
</Project>
